
Microsoft Visual Studio Solution File, Format Version 12.00
# Visual Studio Version 17
VisualStudioVersion = 17.9.34723.18
MinimumVisualStudioVersion = 10.0.40219.1
Project("{FAE04EC0-301F-11D3-BF4B-00C04F79EFBC}") = "UserCaptureApp", "UserCaptureApp\UserCaptureApp.csproj", "{4DD06E6A-94C9-4841-BCE3-9DBB0CFEB12A}"
EndProject
Global
	GlobalSection(SolutionConfigurationPlatforms) = preSolution
		Debug|Any CPU = Debug|Any CPU
		Release|Any CPU = Release|Any CPU
	EndGlobalSection
	GlobalSection(ProjectConfigurationPlatforms) = postSolution
		{4DD06E6A-94C9-4841-BCE3-9DBB0CFEB12A}.Debug|Any CPU.ActiveCfg = Debug|Any CPU
		{4DD06E6A-94C9-4841-BCE3-9DBB0CFEB12A}.Debug|Any CPU.Build.0 = Debug|Any CPU
		{4DD06E6A-94C9-4841-BCE3-9DBB0CFEB12A}.Release|Any CPU.ActiveCfg = Release|Any CPU
		{4DD06E6A-94C9-4841-BCE3-9DBB0CFEB12A}.Release|Any CPU.Build.0 = Release|Any CPU
	EndGlobalSection
	GlobalSection(SolutionProperties) = preSolution
		HideSolutionNode = FALSE
	EndGlobalSection
	GlobalSection(ExtensibilityGlobals) = postSolution
		SolutionGuid = {376FC203-B744-423C-B951-A2C9B3C957E4}
	EndGlobalSection
EndGlobal
